
Microsoft Visual Studio Solution File, Format Version 12.00
# Visual Studio 15
VisualStudioVersion = 15.0.27130.2036
MinimumVisualStudioVersion = 10.0.40219.1
Project("{FAE04EC0-301F-11D3-BF4B-00C04F79EFBC}") = "PlayWithTwoStrings", "PlayWithTwoStrings\PlayWithTwoStrings.csproj", "{8A97B753-8626-4EE9-92D1-A18E1208C641}"
EndProject
Project("{FAE04EC0-301F-11D3-BF4B-00C04F79EFBC}") = "PlayWithTwoStringsTests1", "PlayWithTwoStringsTests1\PlayWithTwoStringsTests1.csproj", "{232B158A-2650-4206-8AD6-EBCA551F21A6}"
EndProject
Global
	GlobalSection(SolutionConfigurationPlatforms) = preSolution
		Debug|Any CPU = Debug|Any CPU
		Release|Any CPU = Release|Any CPU
	EndGlobalSection
	GlobalSection(ProjectConfigurationPlatforms) = postSolution
		{8A97B753-8626-4EE9-92D1-A18E1208C641}.Debug|Any CPU.ActiveCfg = Debug|Any CPU
		{8A97B753-8626-4EE9-92D1-A18E1208C641}.Debug|Any CPU.Build.0 = Debug|Any CPU
		{8A97B753-8626-4EE9-92D1-A18E1208C641}.Release|Any CPU.ActiveCfg = Release|Any CPU
		{8A97B753-8626-4EE9-92D1-A18E1208C641}.Release|Any CPU.Build.0 = Release|Any CPU
		{232B158A-2650-4206-8AD6-EBCA551F21A6}.Debug|Any CPU.ActiveCfg = Debug|Any CPU
		{232B158A-2650-4206-8AD6-EBCA551F21A6}.Debug|Any CPU.Build.0 = Debug|Any CPU
		{232B158A-2650-4206-8AD6-EBCA551F21A6}.Release|Any CPU.ActiveCfg = Release|Any CPU
		{232B158A-2650-4206-8AD6-EBCA551F21A6}.Release|Any CPU.Build.0 = Release|Any CPU
	EndGlobalSection
	GlobalSection(SolutionProperties) = preSolution
		HideSolutionNode = FALSE
	EndGlobalSection
	GlobalSection(ExtensibilityGlobals) = postSolution
		SolutionGuid = {353DE127-1E66-4DFF-83F4-60DD53194CE7}
	EndGlobalSection
EndGlobal
